{
  "requires": true,
  "lockfileVersion": 1,
  "dependencies": {
    "@hapi/accept": {
      "version": "3.2.4",
      "resolved": "https://repo.openearth.community/artifactory/api/npm/distservices-npm-all/@hapi/accept/-/accept-3.2.4.tgz",
      "integrity": "sha1-aHUQUpST/h19R5VMMa/zYNk2S9E=",
      "requires": {
        "@hapi/boom": "7.x.x",
        "@hapi/hoek": "8.x.x"
      }
    },
    "@hapi/address": {
      "version": "2.1.4",
      "resolved": "https://repo.openearth.community/artifactory/api/npm/distservices-npm-all/@hapi/address/-/address-2.1.4.tgz",
      "integrity": "sha1-XWftQ/P9QaadS5/3tW58DR0KgeU="
    },
    "@hapi/ammo": {
      "version": "3.1.2",
      "resolved": "https://repo.openearth.community/artifactory/api/npm/distservices-npm-all/@hapi/ammo/-/ammo-3.1.2.tgz",
      "integrity": "sha1-qe311I2Zt1/c16s9q/kFmUKgaWE=",
      "requires": {
        "@hapi/hoek": "8.x.x"
      }
    },
    "@hapi/b64": {
      "version": "4.2.1",
      "resolved": "https://repo.openearth.community/artifactory/api/npm/distservices-npm-all/@hapi/b64/-/b64-4.2.1.tgz",
      "integrity": "sha1-v4QY15B8XnNGPy47XG/Kfp8qE1c=",
      "requires": {
        "@hapi/hoek": "8.x.x"
      }
    },
    "@hapi/boom": {
      "version": "7.4.11",
      "resolved": "https://repo.openearth.community/artifactory/api/npm/distservices-npm-all/@hapi/boom/-/boom-7.4.11.tgz",
      "integrity": "sha1-N6+EF+uUFq7zNnqmD6BKGp8fwmI=",
      "requires": {
        "@hapi/hoek": "8.x.x"
      }
    },
    "@hapi/bounce": {
      "version": "1.3.2",
      "resolved": "https://repo.openearth.community/artifactory/api/npm/distservices-npm-all/@hapi/bounce/-/bounce-1.3.2.tgz",
      "integrity": "sha1-OwlrsC9n3mEV5uTw3rw5C+Woa60=",
      "requires": {
        "@hapi/boom": "7.x.x",
        "@hapi/hoek": "^8.3.1"
      }
    },
    "@hapi/bourne": {
      "version": "1.3.2",
      "resolved": "https://repo.openearth.community/artifactory/api/npm/distservices-npm-all/@hapi/bourne/-/bourne-1.3.2.tgz",
      "integrity": "sha1-CnCVreoGckPOMoPhtWuKj0U7JCo="
    },
    "@hapi/call": {
      "version": "5.1.3",
      "resolved": "https://repo.openearth.community/artifactory/api/npm/distservices-npm-all/@hapi/call/-/call-5.1.3.tgz",
      "integrity": "sha1-IXr0XjvD04sDqlye3+G+k57uN0E=",
      "requires": {
        "@hapi/boom": "7.x.x",
        "@hapi/hoek": "8.x.x"
      }
    },
    "@hapi/catbox": {
      "version": "10.2.3",
      "resolved": "https://repo.openearth.community/artifactory/api/npm/distservices-npm-all/@hapi/catbox/-/catbox-10.2.3.tgz",
      "integrity": "sha1-LfUauUPXYT3zcY+iv9mB3ZVYzsU=",
      "requires": {
        "@hapi/boom": "7.x.x",
        "@hapi/hoek": "8.x.x",
        "@hapi/joi": "16.x.x",
        "@hapi/podium": "3.x.x"
      },
      "dependencies": {
        "@hapi/joi": {
          "version": "16.1.8",
          "resolved": "https://repo.openearth.community/artifactory/api/npm/distservices-npm-all/@hapi/joi/-/joi-16.1.8.tgz",
          "integrity": "sha1-hMHxJiaUiYca1OLezHhuCt7waDk=",
          "requires": {
            "@hapi/address": "^2.1.2",
            "@hapi/formula": "^1.2.0",
            "@hapi/hoek": "^8.2.4",
            "@hapi/pinpoint": "^1.0.2",
            "@hapi/topo": "^3.1.3"
          }
        }
      }
    },
    "@hapi/catbox-memory": {
      "version": "4.1.1",
      "resolved": "https://repo.openearth.community/artifactory/api/npm/distservices-npm-all/@hapi/catbox-memory/-/catbox-memory-4.1.1.tgz",
      "integrity": "sha1-JjpvM2H3ogBVLFdyyYqOgKHacS8=",
      "requires": {
        "@hapi/boom": "7.x.x",
        "@hapi/hoek": "8.x.x"
      }
    },
    "@hapi/content": {
      "version": "4.1.1",
      "resolved": "https://repo.openearth.community/artifactory/api/npm/distservices-npm-all/@hapi/content/-/content-4.1.1.tgz",
      "integrity": "sha1-F5Zz0eK36zbFZNj5YF0Bm9IlLL8=",
      "requires": {
        "@hapi/boom": "7.x.x"
      }
    },
    "@hapi/cryptiles": {
      "version": "4.2.1",
      "resolved": "https://repo.openearth.community/artifactory/api/npm/distservices-npm-all/@hapi/cryptiles/-/cryptiles-4.2.1.tgz",
      "integrity": "sha1-/w8Y15B0ZZg4yu27kRhRMTrR/7w=",
      "requires": {
        "@hapi/boom": "7.x.x"
      }
    },
    "@hapi/file": {
      "version": "1.0.0",
      "resolved": "https://repo.openearth.community/artifactory/api/npm/distservices-npm-all/@hapi/file/-/file-1.0.0.tgz",
      "integrity": "sha1-yRw5/QTbi+1a+C0uAy56TmVVWzg="
    },
    "@hapi/formula": {
      "version": "1.2.0",
      "resolved": "https://repo.openearth.community/artifactory/api/npm/distservices-npm-all/@hapi/formula/-/formula-1.2.0.tgz",
      "integrity": "sha1-mUZJx/6hqQuRoKHm2YNSP2gOEM0="
    },
    "@hapi/hapi": {
      "version": "18.4.1",
      "resolved": "https://repo.openearth.community/artifactory/api/npm/distservices-npm-all/@hapi/hapi/-/hapi-18.4.1.tgz",
      "integrity": "sha1-Aj+8ExB0scss1/Z2bWX0sOkt94g=",
      "requires": {
        "@hapi/accept": "^3.2.4",
        "@hapi/ammo": "^3.1.2",
        "@hapi/boom": "7.x.x",
        "@hapi/bounce": "1.x.x",
        "@hapi/call": "^5.1.3",
        "@hapi/catbox": "10.x.x",
        "@hapi/catbox-memory": "4.x.x",
        "@hapi/heavy": "6.x.x",
        "@hapi/hoek": "8.x.x",
        "@hapi/joi": "15.x.x",
        "@hapi/mimos": "4.x.x",
        "@hapi/podium": "3.x.x",
        "@hapi/shot": "4.x.x",
        "@hapi/somever": "2.x.x",
        "@hapi/statehood": "6.x.x",
        "@hapi/subtext": "^6.1.3",
        "@hapi/teamwork": "3.x.x",
        "@hapi/topo": "3.x.x"
      }
    },
    "@hapi/heavy": {
      "version": "6.2.2",
      "resolved": "https://repo.openearth.community/artifactory/api/npm/distservices-npm-all/@hapi/heavy/-/heavy-6.2.2.tgz",
      "integrity": "sha1-1CooLGLVu2My5JfYzpulLxYJ8+Y=",
      "requires": {
        "@hapi/boom": "7.x.x",
        "@hapi/hoek": "8.x.x",
        "@hapi/joi": "16.x.x"
      },
      "dependencies": {
        "@hapi/joi": {
          "version": "16.1.8",
          "resolved": "https://repo.openearth.community/artifactory/api/npm/distservices-npm-all/@hapi/joi/-/joi-16.1.8.tgz",
          "integrity": "sha1-hMHxJiaUiYca1OLezHhuCt7waDk=",
          "requires": {
            "@hapi/address": "^2.1.2",
            "@hapi/formula": "^1.2.0",
            "@hapi/hoek": "^8.2.4",
            "@hapi/pinpoint": "^1.0.2",
            "@hapi/topo": "^3.1.3"
          }
        }
      }
    },
    "@hapi/hoek": {
      "version": "8.5.1",
      "resolved": "https://repo.openearth.community/artifactory/api/npm/distservices-npm-all/@hapi/hoek/-/hoek-8.5.1.tgz",
      "integrity": "sha1-/elgZMpEbeyMVajC8TCVewcMbgY="
    },
    "@hapi/iron": {
      "version": "5.1.4",
      "resolved": "https://repo.openearth.community/artifactory/api/npm/distservices-npm-all/@hapi/iron/-/iron-5.1.4.tgz",
      "integrity": "sha1-dAbzaEf3mPUrktHZf4VeJ5c4Mrc=",
      "requires": {
        "@hapi/b64": "4.x.x",
        "@hapi/boom": "7.x.x",
        "@hapi/bourne": "1.x.x",
        "@hapi/cryptiles": "4.x.x",
        "@hapi/hoek": "8.x.x"
      }
    },
    "@hapi/joi": {
      "version": "15.1.1",
      "resolved": "https://repo.openearth.community/artifactory/api/npm/distservices-npm-all/@hapi/joi/-/joi-15.1.1.tgz",
      "integrity": "sha1-xnW4pxKW8Cgz+NbSQ7NMV7jOGdc=",
      "requires": {
        "@hapi/address": "2.x.x",
        "@hapi/bourne": "1.x.x",
        "@hapi/hoek": "8.x.x",
        "@hapi/topo": "3.x.x"
      }
    },
    "@hapi/mimos": {
      "version": "4.1.1",
      "resolved": "https://repo.openearth.community/artifactory/api/npm/distservices-npm-all/@hapi/mimos/-/mimos-4.1.1.tgz",
      "integrity": "sha1-TauO1cZN8GA8IExyWWOl+qRofoo=",
      "requires": {
        "@hapi/hoek": "8.x.x",
        "mime-db": "1.x.x"
      }
    },
    "@hapi/nigel": {
      "version": "3.1.1",
      "resolved": "https://repo.openearth.community/artifactory/api/npm/distservices-npm-all/@hapi/nigel/-/nigel-3.1.1.tgz",
      "integrity": "sha1-hHlAIcnubkjoVP6p+3bp9+eMma0=",
      "requires": {
        "@hapi/hoek": "8.x.x",
        "@hapi/vise": "3.x.x"
      }
    },
    "@hapi/pez": {
      "version": "4.1.2",
      "resolved": "https://repo.openearth.community/artifactory/api/npm/distservices-npm-all/@hapi/pez/-/pez-4.1.2.tgz",
      "integrity": "sha1-FJhNDDH+00jxDJYpaKIdl2H1VQM=",
      "requires": {
        "@hapi/b64": "4.x.x",
        "@hapi/boom": "7.x.x",
        "@hapi/content": "^4.1.1",
        "@hapi/hoek": "8.x.x",
        "@hapi/nigel": "3.x.x"
      }
    },
    "@hapi/pinpoint": {
      "version": "1.0.2",
      "resolved": "https://repo.openearth.community/artifactory/api/npm/distservices-npm-all/@hapi/pinpoint/-/pinpoint-1.0.2.tgz",
      "integrity": "sha1-Alt6Ntu/TTW/Gs0HHCayDvQeDRM="
    },
    "@hapi/podium": {
      "version": "3.4.3",
      "resolved": "https://repo.openearth.community/artifactory/api/npm/distservices-npm-all/@hapi/podium/-/podium-3.4.3.tgz",
      "integrity": "sha1-0ok1hwrhNy4vmDpxYecQyWimDeE=",
      "requires": {
        "@hapi/hoek": "8.x.x",
        "@hapi/joi": "16.x.x"
      },
      "dependencies": {
        "@hapi/joi": {
          "version": "16.1.8",
          "resolved": "https://repo.openearth.community/artifactory/api/npm/distservices-npm-all/@hapi/joi/-/joi-16.1.8.tgz",
          "integrity": "sha1-hMHxJiaUiYca1OLezHhuCt7waDk=",
          "requires": {
            "@hapi/address": "^2.1.2",
            "@hapi/formula": "^1.2.0",
            "@hapi/hoek": "^8.2.4",
            "@hapi/pinpoint": "^1.0.2",
            "@hapi/topo": "^3.1.3"
          }
        }
      }
    },
    "@hapi/shot": {
      "version": "4.1.2",
      "resolved": "https://repo.openearth.community/artifactory/api/npm/distservices-npm-all/@hapi/shot/-/shot-4.1.2.tgz",
      "integrity": "sha1-afmZlWBB/kaHAaiaQTF1pSHavtU=",
      "requires": {
        "@hapi/hoek": "8.x.x",
        "@hapi/joi": "16.x.x"
      },
      "dependencies": {
        "@hapi/joi": {
          "version": "16.1.8",
          "resolved": "https://repo.openearth.community/artifactory/api/npm/distservices-npm-all/@hapi/joi/-/joi-16.1.8.tgz",
          "integrity": "sha1-hMHxJiaUiYca1OLezHhuCt7waDk=",
          "requires": {
            "@hapi/address": "^2.1.2",
            "@hapi/formula": "^1.2.0",
            "@hapi/hoek": "^8.2.4",
            "@hapi/pinpoint": "^1.0.2",
            "@hapi/topo": "^3.1.3"
          }
        }
      }
    },
    "@hapi/somever": {
      "version": "2.1.1",
      "resolved": "https://repo.openearth.community/artifactory/api/npm/distservices-npm-all/@hapi/somever/-/somever-2.1.1.tgz",
      "integrity": "sha1-FCvd98xNgp9njtTmBhhjCpp66EU=",
      "requires": {
        "@hapi/bounce": "1.x.x",
        "@hapi/hoek": "8.x.x"
      }
    },
    "@hapi/statehood": {
      "version": "6.1.2",
      "resolved": "https://repo.openearth.community/artifactory/api/npm/distservices-npm-all/@hapi/statehood/-/statehood-6.1.2.tgz",
      "integrity": "sha1-bdpQi12pmiij7SlcPKx5XPbBKgI=",
      "requires": {
        "@hapi/boom": "7.x.x",
        "@hapi/bounce": "1.x.x",
        "@hapi/bourne": "1.x.x",
        "@hapi/cryptiles": "4.x.x",
        "@hapi/hoek": "8.x.x",
        "@hapi/iron": "5.x.x",
        "@hapi/joi": "16.x.x"
      },
      "dependencies": {
        "@hapi/joi": {
          "version": "16.1.8",
          "resolved": "https://repo.openearth.community/artifactory/api/npm/distservices-npm-all/@hapi/joi/-/joi-16.1.8.tgz",
          "integrity": "sha1-hMHxJiaUiYca1OLezHhuCt7waDk=",
          "requires": {
            "@hapi/address": "^2.1.2",
            "@hapi/formula": "^1.2.0",
            "@hapi/hoek": "^8.2.4",
            "@hapi/pinpoint": "^1.0.2",
            "@hapi/topo": "^3.1.3"
          }
        }
      }
    },
    "@hapi/subtext": {
      "version": "6.1.3",
      "resolved": "https://repo.openearth.community/artifactory/api/npm/distservices-npm-all/@hapi/subtext/-/subtext-6.1.3.tgz",
      "integrity": "sha1-u9B3ca4qTnOsNgyT7XSsZBcYucY=",
      "requires": {
        "@hapi/boom": "7.x.x",
        "@hapi/bourne": "1.x.x",
        "@hapi/content": "^4.1.1",
        "@hapi/file": "1.x.x",
        "@hapi/hoek": "8.x.x",
        "@hapi/pez": "^4.1.2",
        "@hapi/wreck": "15.x.x"
      }
    },
    "@hapi/teamwork": {
      "version": "3.3.1",
      "resolved": "https://repo.openearth.community/artifactory/api/npm/distservices-npm-all/@hapi/teamwork/-/teamwork-3.3.1.tgz",
      "integrity": "sha1-tS0OxIaC3Hk5Jr1DLiLOsZyRXT8="
    },
    "@hapi/topo": {
      "version": "3.1.6",
      "resolved": "https://repo.openearth.community/artifactory/api/npm/distservices-npm-all/@hapi/topo/-/topo-3.1.6.tgz",
      "integrity": "sha1-aNk1+j6uf91asNf5U/MgXYsr/Ck=",
      "requires": {
        "@hapi/hoek": "^8.3.0"
      }
    },
    "@hapi/vise": {
      "version": "3.1.1",
      "resolved": "https://repo.openearth.community/artifactory/api/npm/distservices-npm-all/@hapi/vise/-/vise-3.1.1.tgz",
      "integrity": "sha1-38iPKskGgvSL3Bs/m48eq06r4Mg=",
      "requires": {
        "@hapi/hoek": "8.x.x"
      }
    },
    "@hapi/wreck": {
      "version": "15.1.0",
      "resolved": "https://repo.openearth.community/artifactory/api/npm/distservices-npm-all/@hapi/wreck/-/wreck-15.1.0.tgz",
      "integrity": "sha1-eRfNJZUM6bAj9/0r6m4u9yxx5Z0=",
      "requires": {
        "@hapi/boom": "7.x.x",
        "@hapi/bourne": "1.x.x",
        "@hapi/hoek": "8.x.x"
      }
    },
    "mime-db": {
      "version": "1.44.0",
      "resolved": "https://repo.openearth.community/artifactory/api/npm/distservices-npm-all/mime-db/-/mime-db-1.44.0.tgz",
      "integrity": "sha1-+hHF6wrKEzS0Izy01S8QxaYnL5I="
    }
  }
}
